
Microsoft Visual Studio Solution File, Format Version 12.00
# Visual Studio Version 17
VisualStudioVersion = 17.4.33110.190
MinimumVisualStudioVersion = 10.0.40219.1
Project("{9A19103F-16F7-4668-BE54-9A1E7A4F7556}") = "GenericRepositoryForEfCore", "..\GenericRepositoryForEfCore\GenericRepositoryForEfCore\GenericRepositoryForEfCore.csproj", "{F36BC6AD-9727-4E69-8F25-78FBD25D450C}"
EndProject
Project("{9A19103F-16F7-4668-BE54-9A1E7A4F7556}") = "ThePlayerServer", "ThePlayerServer\ThePlayerServer.csproj", "{43F4FEDA-726B-4950-AE1A-188234A98C38}"
EndProject
Project("{9A19103F-16F7-4668-BE54-9A1E7A4F7556}") = "ThePlayerData", "ThePlayerData\ThePlayerData.csproj", "{E91293AB-43FC-4D44-BE3A-2B93F0828057}"
EndProject
Project("{9A19103F-16F7-4668-BE54-9A1E7A4F7556}") = "ThePlayerServices", "ThePlayerServices\ThePlayerServices.csproj", "{E6D9D52C-D3F6-4C9A-AC09-13326ECB119D}"
EndProject
Project("{9A19103F-16F7-4668-BE54-9A1E7A4F7556}") = "ThePlayerComponents", "ThePlayerComponents\ThePlayerComponents.csproj", "{E541B312-43D4-4EB7-931B-C3AF3D548A82}"
EndProject
Project("{9A19103F-16F7-4668-BE54-9A1E7A4F7556}") = "NAudio", "..\NAudio\NAudio\NAudio.csproj", "{CAE73444-27C4-4592-A072-6C8A68E9476A}"
EndProject
Global
	GlobalSection(SolutionConfigurationPlatforms) = preSolution
		Debug|Any CPU = Debug|Any CPU
		Release|Any CPU = Release|Any CPU
	EndGlobalSection
	GlobalSection(ProjectConfigurationPlatforms) = postSolution
		{F36BC6AD-9727-4E69-8F25-78FBD25D450C}.Debug|Any CPU.ActiveCfg = Debug|Any CPU
		{F36BC6AD-9727-4E69-8F25-78FBD25D450C}.Debug|Any CPU.Build.0 = Debug|Any CPU
		{F36BC6AD-9727-4E69-8F25-78FBD25D450C}.Release|Any CPU.ActiveCfg = Release|Any CPU
		{F36BC6AD-9727-4E69-8F25-78FBD25D450C}.Release|Any CPU.Build.0 = Release|Any CPU
		{43F4FEDA-726B-4950-AE1A-188234A98C38}.Debug|Any CPU.ActiveCfg = Debug|Any CPU
		{43F4FEDA-726B-4950-AE1A-188234A98C38}.Debug|Any CPU.Build.0 = Debug|Any CPU
		{43F4FEDA-726B-4950-AE1A-188234A98C38}.Release|Any CPU.ActiveCfg = Release|Any CPU
		{43F4FEDA-726B-4950-AE1A-188234A98C38}.Release|Any CPU.Build.0 = Release|Any CPU
		{E91293AB-43FC-4D44-BE3A-2B93F0828057}.Debug|Any CPU.ActiveCfg = Debug|Any CPU
		{E91293AB-43FC-4D44-BE3A-2B93F0828057}.Debug|Any CPU.Build.0 = Debug|Any CPU
		{E91293AB-43FC-4D44-BE3A-2B93F0828057}.Release|Any CPU.ActiveCfg = Release|Any CPU
		{E91293AB-43FC-4D44-BE3A-2B93F0828057}.Release|Any CPU.Build.0 = Release|Any CPU
		{E6D9D52C-D3F6-4C9A-AC09-13326ECB119D}.Debug|Any CPU.ActiveCfg = Debug|Any CPU
		{E6D9D52C-D3F6-4C9A-AC09-13326ECB119D}.Debug|Any CPU.Build.0 = Debug|Any CPU
		{E6D9D52C-D3F6-4C9A-AC09-13326ECB119D}.Release|Any CPU.ActiveCfg = Release|Any CPU
		{E6D9D52C-D3F6-4C9A-AC09-13326ECB119D}.Release|Any CPU.Build.0 = Release|Any CPU
		{E541B312-43D4-4EB7-931B-C3AF3D548A82}.Debug|Any CPU.ActiveCfg = Debug|Any CPU
		{E541B312-43D4-4EB7-931B-C3AF3D548A82}.Debug|Any CPU.Build.0 = Debug|Any CPU
		{E541B312-43D4-4EB7-931B-C3AF3D548A82}.Release|Any CPU.ActiveCfg = Release|Any CPU
		{E541B312-43D4-4EB7-931B-C3AF3D548A82}.Release|Any CPU.Build.0 = Release|Any CPU
		{CAE73444-27C4-4592-A072-6C8A68E9476A}.Debug|Any CPU.ActiveCfg = Debug|Any CPU
		{CAE73444-27C4-4592-A072-6C8A68E9476A}.Debug|Any CPU.Build.0 = Debug|Any CPU
		{CAE73444-27C4-4592-A072-6C8A68E9476A}.Release|Any CPU.ActiveCfg = Release|Any CPU
		{CAE73444-27C4-4592-A072-6C8A68E9476A}.Release|Any CPU.Build.0 = Release|Any CPU
	EndGlobalSection
	GlobalSection(SolutionProperties) = preSolution
		HideSolutionNode = FALSE
	EndGlobalSection
	GlobalSection(ExtensibilityGlobals) = postSolution
		SolutionGuid = {5E5152FC-533B-4B1C-B0AB-F5EE589C9319}
	EndGlobalSection
EndGlobal
